# THIS IS AN AUTOGENERATED FILE. DO NOT EDIT THIS FILE DIRECTLY.
# yarn lockfile v1


"@sveltejs/adapter-static@^3.0.10":
  version "3.0.10"
  resolved "https://registry.yarnpkg.com/@sveltejs/adapter-static/-/adapter-static-3.0.10.tgz#526ab78cd1d3a861dd0233e8ff34a204af40d595"
  integrity sha512-7D9lYFWJmB7zxZyTE/qxjksvMqzMuYrrsyh1f4AlZqeZeACPRySjbC3aFiY55wb1tWUaKOQG9PVbm74JcN2Iew==
